<?xml version="1.0" encoding="utf-8"?>
<Project ToolsVersion="4.0" xmlns="http://schemas.microsoft.com/developer/msbuild/2003">
  <ItemGroup>
    <Filter Include="Source Files">
      <UniqueIdentifier>{4FC737F1-C7A5-4376-A066-2A32D752A2FF}</UniqueIdentifier>
      <Extensions>cpp;c;cc;cxx;c++;cppm;ixx;def;odl;idl;hpj;bat;asm;asmx</Extensions>
    </Filter>
    <Filter Include="Header Files">
      <UniqueIdentifier>{93995380-89BD-4b04-88EB-625FBE52EBFB}</UniqueIdentifier>
      <Extensions>h;hh;hpp;hxx;h++;hm;inl;inc;ipp;xsd</Extensions>
    </Filter>
    <Filter Include="Resource Files">
      <UniqueIdentifier>{67DA6AB6-F800-4c08-8B7A-83BB121AAD01}</UniqueIdentifier>
      <Extensions>rc;ico;cur;bmp;dlg;rc2;rct;bin;rgs;gif;jpg;jpeg;jpe;resx;tiff;tif;png;wav;mfcribbon-ms</Extensions>
    </Filter>
  </ItemGroup>
  <ItemGroup>
    <ClCompile Include="src\main.cpp">
      <Filter>Source Files</Filter>
    </ClCompile>
    <ClCompile Include="src\RenderObj.ixx">
      <Filter>Source Files</Filter>
    </ClCompile>
    <ClCompile Include="src\Data_Util.ixx">
      <Filter>Source Files</Filter>
    </ClCompile>
    <ClCompile Include="src\Scene.ixx">
      <Filter>Source Files</Filter>
    </ClCompile>
    <ClCompile Include="src\Game.ixx">
      <Filter>Source Files</Filter>
    </ClCompile>
    <ClCompile Include="src\EventHandler.ixx">
      <Filter>Source Files</Filter>
    </ClCompile>
    <ClCompile Include="src\editors\SceneEditor.ixx">
      <Filter>Source Files</Filter>
    </ClCompile>
    <ClCompile Include="src\editors\RenderObjEditor.ixx">
      <Filter>Source Files</Filter>
    </ClCompile>
    <ClCompile Include="src\editors\Editor_Util.ixx">
      <Filter>Source Files</Filter>
    </ClCompile>
  </ItemGroup>
  <ItemGroup>
    <None Include="libjpeg-9.dll" />
    <None Include="libpng16-16.dll" />
    <None Include="libtiff-5.dll" />
    <None Include="libwebp-7.dll" />
    <None Include="SDL2.dll" />
    <None Include="SDL2_image.dll" />
    <None Include="zlib1.dll" />
    <None Include="packages.config" />
  </ItemGroup>
  <ItemGroup>
    <Library Include="SDL2.lib" />
    <Library Include="SDL2_image.lib" />
    <Library Include="SDL2main.lib" />
    <Library Include="SDL2test.lib" />
  </ItemGroup>
  <ItemGroup>
    <Image Include="images\player\running_left_1.png">
      <Filter>Resource Files</Filter>
    </Image>
    <Image Include="images\player\base.png">
      <Filter>Resource Files</Filter>
    </Image>
    <Image Include="images\player\running_left_2.png">
      <Filter>Resource Files</Filter>
    </Image>
    <Image Include="images\player\running_left_3.png">
      <Filter>Resource Files</Filter>
    </Image>
    <Image Include="images\player\running_left_4.png">
      <Filter>Resource Files</Filter>
    </Image>
    <Image Include="images\player\running_left_5.png">
      <Filter>Resource Files</Filter>
    </Image>
    <Image Include="images\player\running_left_6.png">
      <Filter>Resource Files</Filter>
    </Image>
    <Image Include="images\player\running_left_7.png">
      <Filter>Resource Files</Filter>
    </Image>
    <Image Include="images\player\running_left_8.png">
      <Filter>Resource Files</Filter>
    </Image>
    <Image Include="images\player\running_left_9.png">
      <Filter>Resource Files</Filter>
    </Image>
    <Image Include="images\player\running_left_10.png">
      <Filter>Resource Files</Filter>
    </Image>
    <Image Include="images\player\running_left_11.png">
      <Filter>Resource Files</Filter>
    </Image>
    <Image Include="images\player\running_left_12.png">
      <Filter>Resource Files</Filter>
    </Image>
    <Image Include="images\player\running_left_13.png">
      <Filter>Resource Files</Filter>
    </Image>
    <Image Include="images\player\running_left_14.png">
      <Filter>Resource Files</Filter>
    </Image>
    <Image Include="images\player\running_right_1.png">
      <Filter>Resource Files</Filter>
    </Image>
    <Image Include="images\player\running_right_2.png">
      <Filter>Resource Files</Filter>
    </Image>
    <Image Include="images\player\running_right_3.png">
      <Filter>Resource Files</Filter>
    </Image>
    <Image Include="images\player\running_right_4.png">
      <Filter>Resource Files</Filter>
    </Image>
    <Image Include="images\player\running_right_5.png">
      <Filter>Resource Files</Filter>
    </Image>
    <Image Include="images\player\running_right_6.png">
      <Filter>Resource Files</Filter>
    </Image>
    <Image Include="images\player\running_right_7.png">
      <Filter>Resource Files</Filter>
    </Image>
    <Image Include="images\player\running_right_8.png">
      <Filter>Resource Files</Filter>
    </Image>
    <Image Include="images\player\running_right_9.png">
      <Filter>Resource Files</Filter>
    </Image>
    <Image Include="images\player\running_right_10.png">
      <Filter>Resource Files</Filter>
    </Image>
    <Image Include="images\player\running_right_11.png">
      <Filter>Resource Files</Filter>
    </Image>
    <Image Include="images\player\running_right_12.png">
      <Filter>Resource Files</Filter>
    </Image>
    <Image Include="images\player\running_right_13.png">
      <Filter>Resource Files</Filter>
    </Image>
    <Image Include="images\player\running_right_14.png">
      <Filter>Resource Files</Filter>
    </Image>
    <Image Include="images\player\standing_left.png">
      <Filter>Resource Files</Filter>
    </Image>
    <Image Include="images\player\standing_right.png">
      <Filter>Resource Files</Filter>
    </Image>
    <Image Include="images\title_scene\title_screen_hovered.png">
      <Filter>Resource Files</Filter>
    </Image>
    <Image Include="images\title_scene\title_screen_unhovered.png">
      <Filter>Resource Files</Filter>
    </Image>
    <Image Include="images\novalis_images\editors\texture_legend.png">
      <Filter>Resource Files</Filter>
    </Image>
    <Image Include="images\scenes\level_1\screen1.jpg">
      <Filter>Resource Files</Filter>
    </Image>
  </ItemGroup>
  <ItemGroup>
    <Text Include="static_objects\player.txt" />
    <Text Include="scenes\title.txt" />
    <Text Include="static_objects\title_screen.txt" />
    <Text Include="static_objects\texture_legend_obj.txt" />
    <Text Include="scenes\level_1.txt" />
  </ItemGroup>
</Project>